// !$*UTF8*$!
{
	archiveVersion = 1;
	classes = {
	};
	objectVersion = 77;
	objects = {

/* Begin PBXContainerItemProxy section */
		165BEF012CCD113D004C142E /* PBXContainerItemProxy */ = {
			isa = PBXContainerItemProxy;
			containerPortal = 165BEEE22CCD113B004C142E /* Project object */;
			proxyType = 1;
			remoteGlobalIDString = 165BEEE92CCD113B004C142E;
			remoteInfo = FirstApp;
		};
		165BEF0B2CCD113D004C142E /* PBXContainerItemProxy */ = {
			isa = PBXContainerItemProxy;
			containerPortal = 165BEEE22CCD113B004C142E /* Project object */;
			proxyType = 1;
			remoteGlobalIDString = 165BEEE92CCD113B004C142E;
			remoteInfo = FirstApp;
		};
/* End PBXContainerItemProxy section */

/* Begin PBXFileReference section */
		165BEEEA2CCD113B004C142E /* SatisfactionApp.app */ = {isa = PBXFileReference; explicitFileType = wrapper.application; includeInIndex = 0; path = SatisfactionApp.app; sourceTree = BUILT_PRODUCTS_DIR; };
		165BEF002CCD113D004C142E /* SatisfactionAppTests.xctest */ = {isa = PBXFileReference; explicitFileType = wrapper.cfbundle; includeInIndex = 0; path = SatisfactionAppTests.xctest; sourceTree = BUILT_PRODUCTS_DIR; };
		165BEF0A2CCD113D004C142E /* SatisfactionAppUITests.xctest */ = {isa = PBXFileReference; explicitFileType = wrapper.cfbundle; includeInIndex = 0; path = SatisfactionAppUITests.xctest; sourceTree = BUILT_PRODUCTS_DIR; };
/* End PBXFileReference section */

/* Begin PBXFileSystemSynchronizedBuildFileExceptionSet section */
		16E998C82CCD4CE200941633 /* Exceptions for "SatisfactionApp" folder in "SatisfactionApp" target */ = {
			isa = PBXFileSystemSynchronizedBuildFileExceptionSet;
			membershipExceptions = (
				Info.plist,
			);
			target = 165BEEE92CCD113B004C142E /* SatisfactionApp */;
		};
/* End PBXFileSystemSynchronizedBuildFileExceptionSet section */

/* Begin PBXFileSystemSynchronizedRootGroup section */
		165BEEEC2CCD113B004C142E /* SatisfactionApp */ = {
			isa = PBXFileSystemSynchronizedRootGroup;
			exceptions = (
				16E998C82CCD4CE200941633 /* Exceptions for "SatisfactionApp" folder in "SatisfactionApp" target */,
			);
			path = SatisfactionApp;
			sourceTree = "<group>";
		};
		165BEF032CCD113D004C142E /* SatisfactionAppTests */ = {
			isa = PBXFileSystemSynchronizedRootGroup;
			path = SatisfactionAppTests;
			sourceTree = "<group>";
		};
		165BEF0D2CCD113D004C142E /* SatisfactionAppUITests */ = {
			isa = PBXFileSystemSynchronizedRootGroup;
			path = SatisfactionAppUITests;
			sourceTree = "<group>";
		};
/* End PBXFileSystemSynchronizedRootGroup section */

/* Begin PBXFrameworksBuildPhase section */
		165BEEE72CCD113B004C142E /* Frameworks */ = {
			isa = PBXFrameworksBuildPhase;
			buildActionMask = 2147483647;
			files = (
			);
			runOnlyForDeploymentPostprocessing = 0;
		};
		165BEEFD2CCD113D004C142E /* Frameworks */ = {
			isa = PBXFrameworksBuildPhase;
			buildActionMask = 2147483647;
			files = (
			);
			runOnlyForDeploymentPostprocessing = 0;
		};
		165BEF072CCD113D004C142E /* Frameworks */ = {
			isa = PBXFrameworksBuildPhase;
			buildActionMask = 2147483647;
			files = (
			);
			runOnlyForDeploymentPostprocessing = 0;
		};
/* End PBXFrameworksBuildPhase section */

/* Begin PBXGroup section */
		165BEEE12CCD113B004C142E = {
			isa = PBXGroup;
			children = (
				165BEEEC2CCD113B004C142E /* SatisfactionApp */,
				165BEF032CCD113D004C142E /* SatisfactionAppTests */,
				165BEF0D2CCD113D004C142E /* SatisfactionAppUITests */,
				165BEEEB2CCD113B004C142E /* Products */,
			);
			sourceTree = "<group>";
		};
		165BEEEB2CCD113B004C142E /* Products */ = {
			isa = PBXGroup;
			children = (
				165BEEEA2CCD113B004C142E /* SatisfactionApp.app */,
				165BEF002CCD113D004C142E /* SatisfactionAppTests.xctest */,
				165BEF0A2CCD113D004C142E /* SatisfactionAppUITests.xctest */,
			);
			name = Products;
			sourceTree = "<group>";
		};
/* End PBXGroup section */

/* Begin PBXNativeTarget section */
		165BEEE92CCD113B004C142E /* SatisfactionApp */ = {
			isa = PBXNativeTarget;
			buildConfigurationList = 165BEF132CCD113D004C142E /* Build configuration list for PBXNativeTarget "SatisfactionApp" */;
			buildPhases = (
				165BEEE62CCD113B004C142E /* Sources */,
				165BEEE72CCD113B004C142E /* Frameworks */,
				165BEEE82CCD113B004C142E /* Resources */,
			);
			buildRules = (
			);
			dependencies = (
			);
			fileSystemSynchronizedGroups = (
				165BEEEC2CCD113B004C142E /* SatisfactionApp */,
			);
			name = SatisfactionApp;
			packageProductDependencies = (
			);
			productName = FirstApp;
			productReference = 165BEEEA2CCD113B004C142E /* SatisfactionApp.app */;
			productType = "com.apple.product-type.application";
		};
		165BEEFF2CCD113D004C142E /* SatisfactionAppTests */ = {
			isa = PBXNativeTarget;
			buildConfigurationList = 165BEF182CCD113D004C142E /* Build configuration list for PBXNativeTarget "SatisfactionAppTests" */;
			buildPhases = (
				165BEEFC2CCD113D004C142E /* Sources */,
				165BEEFD2CCD113D004C142E /* Frameworks */,
				165BEEFE2CCD113D004C142E /* Resources */,
			);
			buildRules = (
			);
			dependencies = (
				165BEF022CCD113D004C142E /* PBXTargetDependency */,
			);
			fileSystemSynchronizedGroups = (
				165BEF032CCD113D004C142E /* SatisfactionAppTests */,
			);
			name = SatisfactionAppTests;
			packageProductDependencies = (
			);
			productName = FirstAppTests;
			productReference = 165BEF002CCD113D004C142E /* SatisfactionAppTests.xctest */;
			productType = "com.apple.product-type.bundle.unit-test";
		};
		165BEF092CCD113D004C142E /* SatisfactionAppUITests */ = {
			isa = PBXNativeTarget;
			buildConfigurationList = 165BEF1B2CCD113D004C142E /* Build configuration list for PBXNativeTarget "SatisfactionAppUITests" */;
			buildPhases = (
				165BEF062CCD113D004C142E /* Sources */,
				165BEF072CCD113D004C142E /* Frameworks */,
				165BEF082CCD113D004C142E /* Resources */,
			);
			buildRules = (
			);
			dependencies = (
				165BEF0C2CCD113D004C142E /* PBXTargetDependency */,
			);
			fileSystemSynchronizedGroups = (
				165BEF0D2CCD113D004C142E /* SatisfactionAppUITests */,
			);
			name = SatisfactionAppUITests;
			packageProductDependencies = (
			);
			productName = FirstAppUITests;
			productReference = 165BEF0A2CCD113D004C142E /* SatisfactionAppUITests.xctest */;
			productType = "com.apple.product-type.bundle.ui-testing";
		};
/* End PBXNativeTarget section */

/* Begin PBXProject section */
		165BEEE22CCD113B004C142E /* Project object */ = {
			isa = PBXProject;
			attributes = {
				BuildIndependentTargetsInParallel = 1;
				LastSwiftUpdateCheck = 1600;
				LastUpgradeCheck = 1600;
				TargetAttributes = {
					165BEEE92CCD113B004C142E = {
						CreatedOnToolsVersion = 16.0;
					};
					165BEEFF2CCD113D004C142E = {
						CreatedOnToolsVersion = 16.0;
						TestTargetID = 165BEEE92CCD113B004C142E;
					};
					165BEF092CCD113D004C142E = {
						CreatedOnToolsVersion = 16.0;
						TestTargetID = 165BEEE92CCD113B004C142E;
					};
				};
			};
			buildConfigurationList = 165BEEE52CCD113B004C142E /* Build configuration list for PBXProject "SatisfactionApp" */;
			developmentRegion = en;
			hasScannedForEncodings = 0;
			knownRegions = (
				en,
				Base,
			);
			mainGroup = 165BEEE12CCD113B004C142E;
			minimizedProjectReferenceProxies = 1;
			preferredProjectObjectVersion = 77;
			productRefGroup = 165BEEEB2CCD113B004C142E /* Products */;
			projectDirPath = "";
			projectRoot = "";
			targets = (
				165BEEE92CCD113B004C142E /* SatisfactionApp */,
				165BEEFF2CCD113D004C142E /* SatisfactionAppTests */,
				165BEF092CCD113D004C142E /* SatisfactionAppUITests */,
			);
		};
/* End PBXProject section */

/* Begin PBXResourcesBuildPhase section */
		165BEEE82CCD113B004C142E /* Resources */ = {
			isa = PBXResourcesBuildPhase;
			buildActionMask = 2147483647;
			files = (
			);
			runOnlyForDeploymentPostprocessing = 0;
		};
		165BEEFE2CCD113D004C142E /* Resources */ = {
			isa = PBXResourcesBuildPhase;
			buildActionMask = 2147483647;
			files = (
			);
			runOnlyForDeploymentPostprocessing = 0;
		};
		165BEF082CCD113D004C142E /* Resources */ = {
			isa = PBXResourcesBuildPhase;
			buildActionMask = 2147483647;
			files = (
			);
			runOnlyForDeploymentPostprocessing = 0;
		};
/* End PBXResourcesBuildPhase section */

/* Begin PBXSourcesBuildPhase section */
		165BEEE62CCD113B004C142E /* Sources */ = {
			isa = PBXSourcesBuildPhase;
			buildActionMask = 2147483647;
			files = (
			);
			runOnlyForDeploymentPostprocessing = 0;
		};
		165BEEFC2CCD113D004C142E /* Sources */ = {
			isa = PBXSourcesBuildPhase;
			buildActionMask = 2147483647;
			files = (
			);
			runOnlyForDeploymentPostprocessing = 0;
		};
		165BEF062CCD113D004C142E /* Sources */ = {
			isa = PBXSourcesBuildPhase;
			buildActionMask = 2147483647;
			files = (
			);
			runOnlyForDeploymentPostprocessing = 0;
		};
/* End PBXSourcesBuildPhase section */

/* Begin PBXTargetDependency section */
		165BEF022CCD113D004C142E /* PBXTargetDependency */ = {
			isa = PBXTargetDependency;
			target = 165BEEE92CCD113B004C142E /* SatisfactionApp */;
			targetProxy = 165BEF012CCD113D004C142E /* PBXContainerItemProxy */;
		};
		165BEF0C2CCD113D004C142E /* PBXTargetDependency */ = {
			isa = PBXTargetDependency;
			target = 165BEEE92CCD113B004C142E /* SatisfactionApp */;
			targetProxy = 165BEF0B2CCD113D004C142E /* PBXContainerItemProxy */;
		};
/* End PBXTargetDependency section */

/* Begin XCBuildConfiguration section */
		165BEF142CCD113D004C142E /* Debug */ = {
			isa = XCBuildConfiguration;
			buildSettings = {
				ASSETCATALOG_COMPILER_APPICON_NAME = AppIcon;
				ASSETCATALOG_COMPILER_GLOBAL_ACCENT_COLOR_NAME = AccentColor;
				CODE_SIGN_STYLE = Automatic;
				CURRENT_PROJECT_VERSION = 1;
				GENERATE_INFOPLIST_FILE = YES;
				INFOPLIST_FILE = SatisfactionApp/Info.plist;
				INFOPLIST_KEY_UIApplicationSupportsIndirectInputEvents = YES;
				INFOPLIST_KEY_UILaunchStoryboardName = LaunchScreen;
				INFOPLIST_KEY_UIMainStoryboardFile = Main;
				INFOPLIST_KEY_UISupportedInterfaceOrientations_iPad = "UIInterfaceOrientationPortrait UIInterfaceOrientationPortraitUpsideDown UIInterfaceOrientationLandscapeLeft UIInterfaceOrientationLandscapeRight";
				INFOPLIST_KEY_UISupportedInterfaceOrientations_iPhone = "UIInterfaceOrientationPortrait UIInterfaceOrientationLandscapeLeft UIInterfaceOrientationLandscapeRight";
				LD_RUNPATH_SEARCH_PATHS = (
					"$(inherited)",
					"@executable_path/Frameworks",
				);
				MARKETING_VERSION = 1.0;
				PRODUCT_BUNDLE_IDENTIFIER = MateusRodrigues.SatisfactionApp;
				PRODUCT_NAME = "$(TARGET_NAME)";
				SWIFT_EMIT_LOC_STRINGS = YES;
				SWIFT_VERSION = 5.0;
				TARGETED_DEVICE_FAMILY = "1,2";
			};
			name = Debug;
		};
		165BEF152CCD113D004C142E /* Release */ = {
			isa = XCBuildConfiguration;
			buildSettings = {
				ASSETCATALOG_COMPILER_APPICON_NAME = AppIcon;
				ASSETCATALOG_COMPILER_GLOBAL_ACCENT_COLOR_NAME = AccentColor;
				CODE_SIGN_STYLE = Automatic;
				CURRENT_PROJECT_VERSION = 1;
				GENERATE_INFOPLIST_FILE = YES;
				INFOPLIST_FILE = SatisfactionApp/Info.plist;
				INFOPLIST_KEY_UIApplicationSupportsIndirectInputEvents = YES;
				INFOPLIST_KEY_UILaunchStoryboardName = LaunchScreen;
				INFOPLIST_KEY_UIMainStoryboardFile = Main;
				INFOPLIST_KEY_UISupportedInterfaceOrientations_iPad = "UIInterfaceOrientationPortrait UIInterfaceOrientationPortraitUpsideDown UIInterfaceOrientationLandscapeLeft UIInterfaceOrientationLandscapeRight";
				INFOPLIST_KEY_UISupportedInterfaceOrientations_iPhone = "UIInterfaceOrientationPortrait UIInterfaceOrientationLandscapeLeft UIInterfaceOrientationLandscapeRight";
				LD_RUNPATH_SEARCH_PATHS = (
					"$(inherited)",
					"@executable_path/Frameworks",
				);
				MARKETING_VERSION = 1.0;
				PRODUCT_BUNDLE_IDENTIFIER = MateusRodrigues.SatisfactionApp;
				PRODUCT_NAME = "$(TARGET_NAME)";
				SWIFT_EMIT_LOC_STRINGS = YES;
				SWIFT_VERSION = 5.0;
				TARGETED_DEVICE_FAMILY = "1,2";
			};
			name = Release;
		};
		165BEF162CCD113D004C142E /* Debug */ = {
			isa = XCBuildConfiguration;
			buildSettings = {
				ALWAYS_SEARCH_USER_PATHS = NO;
				ASSETCATALOG_COMPILER_GENERATE_SWIFT_ASSET_SYMBOL_EXTENSIONS = YES;
				CLANG_ANALYZER_NONNULL = YES;
				CLANG_ANALYZER_NUMBER_OBJECT_CONVERSION = YES_AGGRESSIVE;
				CLANG_CXX_LANGUAGE_STANDARD = "gnu++20";
				CLANG_ENABLE_MODULES = YES;
				CLANG_ENABLE_OBJC_ARC = YES;
				CLANG_ENABLE_OBJC_WEAK = YES;
				CLANG_WARN_BLOCK_CAPTURE_AUTORELEASING = YES;
				CLANG_WARN_BOOL_CONVERSION = YES;
				CLANG_WARN_COMMA = YES;
				CLANG_WARN_CONSTANT_CONVERSION = YES;
				CLANG_WARN_DEPRECATED_OBJC_IMPLEMENTATIONS = YES;
				CLANG_WARN_DIRECT_OBJC_ISA_USAGE = YES_ERROR;
				CLANG_WARN_DOCUMENTATION_COMMENTS = YES;
				CLANG_WARN_EMPTY_BODY = YES;
				CLANG_WARN_ENUM_CONVERSION = YES;
				CLANG_WARN_INFINITE_RECURSION = YES;
				CLANG_WARN_INT_CONVERSION = YES;
				CLANG_WARN_NON_LITERAL_NULL_CONVERSION = YES;
				CLANG_WARN_OBJC_IMPLICIT_RETAIN_SELF = YES;
				CLANG_WARN_OBJC_LITERAL_CONVERSION = YES;
				CLANG_WARN_OBJC_ROOT_CLASS = YES_ERROR;
				CLANG_WARN_QUOTED_INCLUDE_IN_FRAMEWORK_HEADER = YES;
				CLANG_WARN_RANGE_LOOP_ANALYSIS = YES;
				CLANG_WARN_STRICT_PROTOTYPES = YES;
				CLANG_WARN_SUSPICIOUS_MOVE = YES;
				CLANG_WARN_UNGUARDED_AVAILABILITY = YES_AGGRESSIVE;
				CLANG_WARN_UNREACHABLE_CODE = YES;
				CLANG_WARN__DUPLICATE_METHOD_MATCH = YES;
				COPY_PHASE_STRIP = NO;
				DEBUG_INFORMATION_FORMAT = dwarf;
				ENABLE_STRICT_OBJC_MSGSEND = YES;
				ENABLE_TESTABILITY = YES;
				ENABLE_USER_SCRIPT_SANDBOXING = YES;
				GCC_C_LANGUAGE_STANDARD = gnu17;
				GCC_DYNAMIC_NO_PIC = NO;
				GCC_NO_COMMON_BLOCKS = YES;
				GCC_OPTIMIZATION_LEVEL = 0;
				GCC_PREPROCESSOR_DEFINITIONS = (
					"DEBUG=1",
					"$(inherited)",
				);
				GCC_WARN_64_TO_32_BIT_CONVERSION = YES;
				GCC_WARN_ABOUT_RETURN_TYPE = YES_ERROR;
				GCC_WARN_UNDECLARED_SELECTOR = YES;
				GCC_WARN_UNINITIALIZED_AUTOS = YES_AGGRESSIVE;
				GCC_WARN_UNUSED_FUNCTION = YES;
				GCC_WARN_UNUSED_VARIABLE = YES;
				IPHONEOS_DEPLOYMENT_TARGET = 18.0;
				LOCALIZATION_PREFERS_STRING_CATALOGS = YES;
				MTL_ENABLE_DEBUG_INFO = INCLUDE_SOURCE;
				MTL_FAST_MATH = YES;
				ONLY_ACTIVE_ARCH = YES;
				SDKROOT = iphoneos;
				SWIFT_ACTIVE_COMPILATION_CONDITIONS = "DEBUG $(inherited)";
				SWIFT_OPTIMIZATION_LEVEL = "-Onone";
			};
			name = Debug;
		};
		165BEF172CCD113D004C142E /* Release */ = {
			isa = XCBuildConfiguration;
			buildSettings = {
				ALWAYS_SEARCH_USER_PATHS = NO;
				ASSETCATALOG_COMPILER_GENERATE_SWIFT_ASSET_SYMBOL_EXTENSIONS = YES;
				CLANG_ANALYZER_NONNULL = YES;
				CLANG_ANALYZER_NUMBER_OBJECT_CONVERSION = YES_AGGRESSIVE;
				CLANG_CXX_LANGUAGE_STANDARD = "gnu++20";
				CLANG_ENABLE_MODULES = YES;
				CLANG_ENABLE_OBJC_ARC = YES;
				CLANG_ENABLE_OBJC_WEAK = YES;
				CLANG_WARN_BLOCK_CAPTURE_AUTORELEASING = YES;
				CLANG_WARN_BOOL_CONVERSION = YES;
				CLANG_WARN_COMMA = YES;
				CLANG_WARN_CONSTANT_CONVERSION = YES;
				CLANG_WARN_DEPRECATED_OBJC_IMPLEMENTATIONS = YES;
				CLANG_WARN_DIRECT_OBJC_ISA_USAGE = YES_ERROR;
				CLANG_WARN_DOCUMENTATION_COMMENTS = YES;
				CLANG_WARN_EMPTY_BODY = YES;
				CLANG_WARN_ENUM_CONVERSION = YES;
				CLANG_WARN_INFINITE_RECURSION = YES;
				CLANG_WARN_INT_CONVERSION = YES;
				CLANG_WARN_NON_LITERAL_NULL_CONVERSION = YES;
				CLANG_WARN_OBJC_IMPLICIT_RETAIN_SELF = YES;
				CLANG_WARN_OBJC_LITERAL_CONVERSION = YES;
				CLANG_WARN_OBJC_ROOT_CLASS = YES_ERROR;
				CLANG_WARN_QUOTED_INCLUDE_IN_FRAMEWORK_HEADER = YES;
				CLANG_WARN_RANGE_LOOP_ANALYSIS = YES;
				CLANG_WARN_STRICT_PROTOTYPES = YES;
				CLANG_WARN_SUSPICIOUS_MOVE = YES;
				CLANG_WARN_UNGUARDED_AVAILABILITY = YES_AGGRESSIVE;
				CLANG_WARN_UNREACHABLE_CODE = YES;
				CLANG_WARN__DUPLICATE_METHOD_MATCH = YES;
				COPY_PHASE_STRIP = NO;
				DEBUG_INFORMATION_FORMAT = "dwarf-with-dsym";
				ENABLE_NS_ASSERTIONS = NO;
				ENABLE_STRICT_OBJC_MSGSEND = YES;
				ENABLE_USER_SCRIPT_SANDBOXING = YES;
				GCC_C_LANGUAGE_STANDARD = gnu17;
				GCC_NO_COMMON_BLOCKS = YES;
				GCC_WARN_64_TO_32_BIT_CONVERSION = YES;
				GCC_WARN_ABOUT_RETURN_TYPE = YES_ERROR;
				GCC_WARN_UNDECLARED_SELECTOR = YES;
				GCC_WARN_UNINITIALIZED_AUTOS = YES_AGGRESSIVE;
				GCC_WARN_UNUSED_FUNCTION = YES;
				GCC_WARN_UNUSED_VARIABLE = YES;
				IPHONEOS_DEPLOYMENT_TARGET = 18.0;
				LOCALIZATION_PREFERS_STRING_CATALOGS = YES;
				MTL_ENABLE_DEBUG_INFO = NO;
				MTL_FAST_MATH = YES;
				SDKROOT = iphoneos;
				SWIFT_COMPILATION_MODE = wholemodule;
				VALIDATE_PRODUCT = YES;
			};
			name = Release;
		};
		165BEF192CCD113D004C142E /* Debug */ = {
			isa = XCBuildConfiguration;
			buildSettings = {
				BUNDLE_LOADER = "$(TEST_HOST)";
				CODE_SIGN_STYLE = Automatic;
				CURRENT_PROJECT_VERSION = 1;
				GENERATE_INFOPLIST_FILE = YES;
				IPHONEOS_DEPLOYMENT_TARGET = 18.0;
				MARKETING_VERSION = 1.0;
				PRODUCT_BUNDLE_IDENTIFIER = MateusRodrigues.FirstAppTests;
				PRODUCT_NAME = "$(TARGET_NAME)";
				SWIFT_EMIT_LOC_STRINGS = NO;
				SWIFT_VERSION = 5.0;
				TARGETED_DEVICE_FAMILY = "1,2";
				TEST_HOST = "$(BUILT_PRODUCTS_DIR)/SatisfactionApp.app/$(BUNDLE_EXECUTABLE_FOLDER_PATH)/SatisfactionApp";
			};
			name = Debug;
		};
		165BEF1A2CCD113D004C142E /* Release */ = {
			isa = XCBuildConfiguration;
			buildSettings = {
				BUNDLE_LOADER = "$(TEST_HOST)";
				CODE_SIGN_STYLE = Automatic;
				CURRENT_PROJECT_VERSION = 1;
				GENERATE_INFOPLIST_FILE = YES;
				IPHONEOS_DEPLOYMENT_TARGET = 18.0;
				MARKETING_VERSION = 1.0;
				PRODUCT_BUNDLE_IDENTIFIER = MateusRodrigues.FirstAppTests;
				PRODUCT_NAME = "$(TARGET_NAME)";
				SWIFT_EMIT_LOC_STRINGS = NO;
				SWIFT_VERSION = 5.0;
				TARGETED_DEVICE_FAMILY = "1,2";
				TEST_HOST = "$(BUILT_PRODUCTS_DIR)/SatisfactionApp.app/$(BUNDLE_EXECUTABLE_FOLDER_PATH)/SatisfactionApp";
			};
			name = Release;
		};
		165BEF1C2CCD113D004C142E /* Debug */ = {
			isa = XCBuildConfiguration;
			buildSettings = {
				CODE_SIGN_STYLE = Automatic;
				CURRENT_PROJECT_VERSION = 1;
				GENERATE_INFOPLIST_FILE = YES;
				MARKETING_VERSION = 1.0;
				PRODUCT_BUNDLE_IDENTIFIER = MateusRodrigues.FirstAppUITests;
				PRODUCT_NAME = "$(TARGET_NAME)";
				SWIFT_EMIT_LOC_STRINGS = NO;
				SWIFT_VERSION = 5.0;
				TARGETED_DEVICE_FAMILY = "1,2";
				TEST_TARGET_NAME = FirstApp;
			};
			name = Debug;
		};
		165BEF1D2CCD113D004C142E /* Release */ = {
			isa = XCBuildConfiguration;
			buildSettings = {
				CODE_SIGN_STYLE = Automatic;
				CURRENT_PROJECT_VERSION = 1;
				GENERATE_INFOPLIST_FILE = YES;
				MARKETING_VERSION = 1.0;
				PRODUCT_BUNDLE_IDENTIFIER = MateusRodrigues.FirstAppUITests;
				PRODUCT_NAME = "$(TARGET_NAME)";
				SWIFT_EMIT_LOC_STRINGS = NO;
				SWIFT_VERSION = 5.0;
				TARGETED_DEVICE_FAMILY = "1,2";
				TEST_TARGET_NAME = FirstApp;
			};
			name = Release;
		};
/* End XCBuildConfiguration section */

/* Begin XCConfigurationList section */
		165BEEE52CCD113B004C142E /* Build configuration list for PBXProject "SatisfactionApp" */ = {
			isa = XCConfigurationList;
			buildConfigurations = (
				165BEF162CCD113D004C142E /* Debug */,
				165BEF172CCD113D004C142E /* Release */,
			);
			defaultConfigurationIsVisible = 0;
			defaultConfigurationName = Release;
		};
		165BEF132CCD113D004C142E /* Build configuration list for PBXNativeTarget "SatisfactionApp" */ = {
			isa = XCConfigurationList;
			buildConfigurations = (
				165BEF142CCD113D004C142E /* Debug */,
				165BEF152CCD113D004C142E /* Release */,
			);
			defaultConfigurationIsVisible = 0;
			defaultConfigurationName = Release;
		};
		165BEF182CCD113D004C142E /* Build configuration list for PBXNativeTarget "SatisfactionAppTests" */ = {
			isa = XCConfigurationList;
			buildConfigurations = (
				165BEF192CCD113D004C142E /* Debug */,
				165BEF1A2CCD113D004C142E /* Release */,
			);
			defaultConfigurationIsVisible = 0;
			defaultConfigurationName = Release;
		};
		165BEF1B2CCD113D004C142E /* Build configuration list for PBXNativeTarget "SatisfactionAppUITests" */ = {
			isa = XCConfigurationList;
			buildConfigurations = (
				165BEF1C2CCD113D004C142E /* Debug */,
				165BEF1D2CCD113D004C142E /* Release */,
			);
			defaultConfigurationIsVisible = 0;
			defaultConfigurationName = Release;
		};
/* End XCConfigurationList section */
	};
	rootObject = 165BEEE22CCD113B004C142E /* Project object */;
}
